// !$*UTF8*$!
{
	archiveVersion = 1;
	classes = {
	};
	objectVersion = 56;
	objects = {

/* Begin PBXBuildFile section */
		5D8A02052B2D818C000119C9 /* AppDelegate.swift in Sources */ = {isa = PBXBuildFile; fileRef = 5D8A02042B2D818C000119C9 /* AppDelegate.swift */; };
		5D8A02072B2D818C000119C9 /* SceneDelegate.swift in Sources */ = {isa = PBXBuildFile; fileRef = 5D8A02062B2D818C000119C9 /* SceneDelegate.swift */; };
		5D8A02092B2D818C000119C9 /* ViewController.swift in Sources */ = {isa = PBXBuildFile; fileRef = 5D8A02082B2D818C000119C9 /* ViewController.swift */; };
		5D8A020C2B2D818C000119C9 /* Main.storyboard in Resources */ = {isa = PBXBuildFile; fileRef = 5D8A020A2B2D818C000119C9 /* Main.storyboard */; };
		5D8A020E2B2D818D000119C9 /* Assets.xcassets in Resources */ = {isa = PBXBuildFile; fileRef = 5D8A020D2B2D818D000119C9 /* Assets.xcassets */; };
		5D8A02112B2D818D000119C9 /* LaunchScreen.storyboard in Resources */ = {isa = PBXBuildFile; fileRef = 5D8A020F2B2D818D000119C9 /* LaunchScreen.storyboard */; };
		5D8A021C2B2D818D000119C9 /* NearByAppTests.swift in Sources */ = {isa = PBXBuildFile; fileRef = 5D8A021B2B2D818D000119C9 /* NearByAppTests.swift */; };
		5D8A02262B2D818D000119C9 /* NearByAppUITests.swift in Sources */ = {isa = PBXBuildFile; fileRef = 5D8A02252B2D818D000119C9 /* NearByAppUITests.swift */; };
		5D8A02282B2D818D000119C9 /* NearByAppUITestsLaunchTests.swift in Sources */ = {isa = PBXBuildFile; fileRef = 5D8A02272B2D818D000119C9 /* NearByAppUITestsLaunchTests.swift */; };
		5D8A02462B2D81BD000119C9 /* FeedListingViewModel.swift in Sources */ = {isa = PBXBuildFile; fileRef = 5D8A02362B2D81BD000119C9 /* FeedListingViewModel.swift */; };
		5D8A02472B2D81BD000119C9 /* NetworkManager.swift in Sources */ = {isa = PBXBuildFile; fileRef = 5D8A02402B2D81BD000119C9 /* NetworkManager.swift */; };
		5D8A02482B2D81BD000119C9 /* Endpoints.swift in Sources */ = {isa = PBXBuildFile; fileRef = 5D8A02422B2D81BD000119C9 /* Endpoints.swift */; };
		5D8A02492B2D81BD000119C9 /* VenueListingEndPoint.swift in Sources */ = {isa = PBXBuildFile; fileRef = 5D8A02432B2D81BD000119C9 /* VenueListingEndPoint.swift */; };
		5D8A024A2B2D81BD000119C9 /* Reachability.swift in Sources */ = {isa = PBXBuildFile; fileRef = 5D8A02452B2D81BD000119C9 /* Reachability.swift */; };
		5D8A02522B2D8433000119C9 /* VenuesListingApiService.swift in Sources */ = {isa = PBXBuildFile; fileRef = 5D8A02512B2D8433000119C9 /* VenuesListingApiService.swift */; };
		5D8A02542B2D84D5000119C9 /* VenuesListingResponse.swift in Sources */ = {isa = PBXBuildFile; fileRef = 5D8A02532B2D84D5000119C9 /* VenuesListingResponse.swift */; };
		5D8A02562B2D86D1000119C9 /* VenuesListingRepository.swift in Sources */ = {isa = PBXBuildFile; fileRef = 5D8A02552B2D86D1000119C9 /* VenuesListingRepository.swift */; };
		5D8A02582B2D87B6000119C9 /* VenueListingUseCase.swift in Sources */ = {isa = PBXBuildFile; fileRef = 5D8A02572B2D87B6000119C9 /* VenueListingUseCase.swift */; };
		5D8A025D2B2D8FA8000119C9 /* VenueTableViewCell.swift in Sources */ = {isa = PBXBuildFile; fileRef = 5D8A025B2B2D8FA8000119C9 /* VenueTableViewCell.swift */; };
		5D8A025E2B2D8FA8000119C9 /* VenueTableViewCell.xib in Resources */ = {isa = PBXBuildFile; fileRef = 5D8A025C2B2D8FA8000119C9 /* VenueTableViewCell.xib */; };
		5DB74C482B2F4B810077E95A /* CachingService.swift in Sources */ = {isa = PBXBuildFile; fileRef = 5DB74C472B2F4B810077E95A /* CachingService.swift */; };
		5DCC21382B2D9C3E00B61CE4 /* TicketViewController.swift in Sources */ = {isa = PBXBuildFile; fileRef = 5DCC21372B2D9C3E00B61CE4 /* TicketViewController.swift */; };
		5DDACB202B2F0FDC00B06560 /* UIApplication+KeyWindow.swift in Sources */ = {isa = PBXBuildFile; fileRef = 5DDACB1F2B2F0FDC00B06560 /* UIApplication+KeyWindow.swift */; };
		5DDACB232B2F1F2600B06560 /* CacheFileManager.swift in Sources */ = {isa = PBXBuildFile; fileRef = 5DDACB222B2F1F2600B06560 /* CacheFileManager.swift */; };
		5DDACB262B2F25D700B06560 /* AppManager.swift in Sources */ = {isa = PBXBuildFile; fileRef = 5DDACB252B2F25D700B06560 /* AppManager.swift */; };
		5DDACB282B2F2D8A00B06560 /* EndPointConstants.swift in Sources */ = {isa = PBXBuildFile; fileRef = 5DDACB272B2F2D8A00B06560 /* EndPointConstants.swift */; };
/* End PBXBuildFile section */

/* Begin PBXContainerItemProxy section */
		5D8A02182B2D818D000119C9 /* PBXContainerItemProxy */ = {
			isa = PBXContainerItemProxy;
			containerPortal = 5D8A01F92B2D818C000119C9 /* Project object */;
			proxyType = 1;
			remoteGlobalIDString = 5D8A02002B2D818C000119C9;
			remoteInfo = NearByApp;
		};
		5D8A02222B2D818D000119C9 /* PBXContainerItemProxy */ = {
			isa = PBXContainerItemProxy;
			containerPortal = 5D8A01F92B2D818C000119C9 /* Project object */;
			proxyType = 1;
			remoteGlobalIDString = 5D8A02002B2D818C000119C9;
			remoteInfo = NearByApp;
		};
/* End PBXContainerItemProxy section */

/* Begin PBXFileReference section */
		5D8A02012B2D818C000119C9 /* NearByApp.app */ = {isa = PBXFileReference; explicitFileType = wrapper.application; includeInIndex = 0; path = NearByApp.app; sourceTree = BUILT_PRODUCTS_DIR; };
		5D8A02042B2D818C000119C9 /* AppDelegate.swift */ = {isa = PBXFileReference; lastKnownFileType = sourcecode.swift; path = AppDelegate.swift; sourceTree = "<group>"; };
		5D8A02062B2D818C000119C9 /* SceneDelegate.swift */ = {isa = PBXFileReference; lastKnownFileType = sourcecode.swift; path = SceneDelegate.swift; sourceTree = "<group>"; };
		5D8A02082B2D818C000119C9 /* ViewController.swift */ = {isa = PBXFileReference; lastKnownFileType = sourcecode.swift; path = ViewController.swift; sourceTree = "<group>"; };
		5D8A020B2B2D818C000119C9 /* Base */ = {isa = PBXFileReference; lastKnownFileType = file.storyboard; name = Base; path = Base.lproj/Main.storyboard; sourceTree = "<group>"; };
		5D8A020D2B2D818D000119C9 /* Assets.xcassets */ = {isa = PBXFileReference; lastKnownFileType = folder.assetcatalog; path = Assets.xcassets; sourceTree = "<group>"; };
		5D8A02102B2D818D000119C9 /* Base */ = {isa = PBXFileReference; lastKnownFileType = file.storyboard; name = Base; path = Base.lproj/LaunchScreen.storyboard; sourceTree = "<group>"; };
		5D8A02122B2D818D000119C9 /* Info.plist */ = {isa = PBXFileReference; lastKnownFileType = text.plist.xml; path = Info.plist; sourceTree = "<group>"; };
		5D8A02172B2D818D000119C9 /* NearByAppTests.xctest */ = {isa = PBXFileReference; explicitFileType = wrapper.cfbundle; includeInIndex = 0; path = NearByAppTests.xctest; sourceTree = BUILT_PRODUCTS_DIR; };
		5D8A021B2B2D818D000119C9 /* NearByAppTests.swift */ = {isa = PBXFileReference; lastKnownFileType = sourcecode.swift; path = NearByAppTests.swift; sourceTree = "<group>"; };
		5D8A02212B2D818D000119C9 /* NearByAppUITests.xctest */ = {isa = PBXFileReference; explicitFileType = wrapper.cfbundle; includeInIndex = 0; path = NearByAppUITests.xctest; sourceTree = BUILT_PRODUCTS_DIR; };
		5D8A02252B2D818D000119C9 /* NearByAppUITests.swift */ = {isa = PBXFileReference; lastKnownFileType = sourcecode.swift; path = NearByAppUITests.swift; sourceTree = "<group>"; };
		5D8A02272B2D818D000119C9 /* NearByAppUITestsLaunchTests.swift */ = {isa = PBXFileReference; lastKnownFileType = sourcecode.swift; path = NearByAppUITestsLaunchTests.swift; sourceTree = "<group>"; };
		5D8A02362B2D81BD000119C9 /* FeedListingViewModel.swift */ = {isa = PBXFileReference; fileEncoding = 4; lastKnownFileType = sourcecode.swift; path = FeedListingViewModel.swift; sourceTree = "<group>"; };
		5D8A02402B2D81BD000119C9 /* NetworkManager.swift */ = {isa = PBXFileReference; fileEncoding = 4; lastKnownFileType = sourcecode.swift; path = NetworkManager.swift; sourceTree = "<group>"; };
		5D8A02422B2D81BD000119C9 /* Endpoints.swift */ = {isa = PBXFileReference; fileEncoding = 4; lastKnownFileType = sourcecode.swift; path = Endpoints.swift; sourceTree = "<group>"; };
		5D8A02432B2D81BD000119C9 /* VenueListingEndPoint.swift */ = {isa = PBXFileReference; fileEncoding = 4; lastKnownFileType = sourcecode.swift; path = VenueListingEndPoint.swift; sourceTree = "<group>"; };
		5D8A02452B2D81BD000119C9 /* Reachability.swift */ = {isa = PBXFileReference; fileEncoding = 4; lastKnownFileType = sourcecode.swift; path = Reachability.swift; sourceTree = "<group>"; };
		5D8A02512B2D8433000119C9 /* VenuesListingApiService.swift */ = {isa = PBXFileReference; lastKnownFileType = sourcecode.swift; path = VenuesListingApiService.swift; sourceTree = "<group>"; };
		5D8A02532B2D84D5000119C9 /* VenuesListingResponse.swift */ = {isa = PBXFileReference; lastKnownFileType = sourcecode.swift; path = VenuesListingResponse.swift; sourceTree = "<group>"; };
		5D8A02552B2D86D1000119C9 /* VenuesListingRepository.swift */ = {isa = PBXFileReference; lastKnownFileType = sourcecode.swift; path = VenuesListingRepository.swift; sourceTree = "<group>"; };
		5D8A02572B2D87B6000119C9 /* VenueListingUseCase.swift */ = {isa = PBXFileReference; lastKnownFileType = sourcecode.swift; path = VenueListingUseCase.swift; sourceTree = "<group>"; };
		5D8A025B2B2D8FA8000119C9 /* VenueTableViewCell.swift */ = {isa = PBXFileReference; lastKnownFileType = sourcecode.swift; path = VenueTableViewCell.swift; sourceTree = "<group>"; };
		5D8A025C2B2D8FA8000119C9 /* VenueTableViewCell.xib */ = {isa = PBXFileReference; lastKnownFileType = file.xib; path = VenueTableViewCell.xib; sourceTree = "<group>"; };
		5DB74C472B2F4B810077E95A /* CachingService.swift */ = {isa = PBXFileReference; lastKnownFileType = sourcecode.swift; path = CachingService.swift; sourceTree = "<group>"; };
		5DCC21372B2D9C3E00B61CE4 /* TicketViewController.swift */ = {isa = PBXFileReference; lastKnownFileType = sourcecode.swift; path = TicketViewController.swift; sourceTree = "<group>"; };
		5DDACB1F2B2F0FDC00B06560 /* UIApplication+KeyWindow.swift */ = {isa = PBXFileReference; lastKnownFileType = sourcecode.swift; path = "UIApplication+KeyWindow.swift"; sourceTree = "<group>"; };
		5DDACB222B2F1F2600B06560 /* CacheFileManager.swift */ = {isa = PBXFileReference; lastKnownFileType = sourcecode.swift; path = CacheFileManager.swift; sourceTree = "<group>"; };
		5DDACB252B2F25D700B06560 /* AppManager.swift */ = {isa = PBXFileReference; lastKnownFileType = sourcecode.swift; path = AppManager.swift; sourceTree = "<group>"; };
		5DDACB272B2F2D8A00B06560 /* EndPointConstants.swift */ = {isa = PBXFileReference; lastKnownFileType = sourcecode.swift; path = EndPointConstants.swift; sourceTree = "<group>"; };
/* End PBXFileReference section */

/* Begin PBXFrameworksBuildPhase section */
		5D8A01FE2B2D818C000119C9 /* Frameworks */ = {
			isa = PBXFrameworksBuildPhase;
			buildActionMask = 2147483647;
			files = (
			);
			runOnlyForDeploymentPostprocessing = 0;
		};
		5D8A02142B2D818D000119C9 /* Frameworks */ = {
			isa = PBXFrameworksBuildPhase;
			buildActionMask = 2147483647;
			files = (
			);
			runOnlyForDeploymentPostprocessing = 0;
		};
		5D8A021E2B2D818D000119C9 /* Frameworks */ = {
			isa = PBXFrameworksBuildPhase;
			buildActionMask = 2147483647;
			files = (
			);
			runOnlyForDeploymentPostprocessing = 0;
		};
/* End PBXFrameworksBuildPhase section */

/* Begin PBXGroup section */
		5D8A01F82B2D818C000119C9 = {
			isa = PBXGroup;
			children = (
				5D8A02032B2D818C000119C9 /* NearByApp */,
				5D8A021A2B2D818D000119C9 /* NearByAppTests */,
				5D8A02242B2D818D000119C9 /* NearByAppUITests */,
				5D8A02022B2D818C000119C9 /* Products */,
			);
			sourceTree = "<group>";
		};
		5D8A02022B2D818C000119C9 /* Products */ = {
			isa = PBXGroup;
			children = (
				5D8A02012B2D818C000119C9 /* NearByApp.app */,
				5D8A02172B2D818D000119C9 /* NearByAppTests.xctest */,
				5D8A02212B2D818D000119C9 /* NearByAppUITests.xctest */,
			);
			name = Products;
			sourceTree = "<group>";
		};
		5D8A02032B2D818C000119C9 /* NearByApp */ = {
			isa = PBXGroup;
			children = (
				5D8A02392B2D81BD000119C9 /* Data */,
				5D8A02342B2D81BD000119C9 /* Domain */,
				5D8A024D2B2D81E2000119C9 /* Presentation */,
				5D8A024C2B2D81CC000119C9 /* Resources */,
				5D8A024B2B2D81C0000119C9 /* MainApp */,
				5D8A023D2B2D81BD000119C9 /* Utils */,
			);
			path = NearByApp;
			sourceTree = "<group>";
		};
		5D8A021A2B2D818D000119C9 /* NearByAppTests */ = {
			isa = PBXGroup;
			children = (
				5D8A021B2B2D818D000119C9 /* NearByAppTests.swift */,
			);
			path = NearByAppTests;
			sourceTree = "<group>";
		};
		5D8A02242B2D818D000119C9 /* NearByAppUITests */ = {
			isa = PBXGroup;
			children = (
				5D8A02252B2D818D000119C9 /* NearByAppUITests.swift */,
				5D8A02272B2D818D000119C9 /* NearByAppUITestsLaunchTests.swift */,
			);
			path = NearByAppUITests;
			sourceTree = "<group>";
		};
		5D8A02342B2D81BD000119C9 /* Domain */ = {
			isa = PBXGroup;
			children = (
				5D8A02382B2D81BD000119C9 /* UseCases */,
				5D8A02352B2D81BD000119C9 /* ViewModel */,
				5D8A02372B2D81BD000119C9 /* Entity */,
			);
			path = Domain;
			sourceTree = "<group>";
		};
		5D8A02352B2D81BD000119C9 /* ViewModel */ = {
			isa = PBXGroup;
			children = (
				5D8A02362B2D81BD000119C9 /* FeedListingViewModel.swift */,
			);
			path = ViewModel;
			sourceTree = "<group>";
		};
		5D8A02372B2D81BD000119C9 /* Entity */ = {
			isa = PBXGroup;
			children = (
			);
			path = Entity;
			sourceTree = "<group>";
		};
		5D8A02382B2D81BD000119C9 /* UseCases */ = {
			isa = PBXGroup;
			children = (
				5D8A02572B2D87B6000119C9 /* VenueListingUseCase.swift */,
			);
			path = UseCases;
			sourceTree = "<group>";
		};
		5D8A02392B2D81BD000119C9 /* Data */ = {
			isa = PBXGroup;
			children = (
				5D8A023C2B2D81BD000119C9 /* Entities */,
				5D8A023B2B2D81BD000119C9 /* ApiServices */,
				5D8A023A2B2D81BD000119C9 /* Repository */,
			);
			path = Data;
			sourceTree = "<group>";
		};
		5D8A023A2B2D81BD000119C9 /* Repository */ = {
			isa = PBXGroup;
			children = (
				5D8A02552B2D86D1000119C9 /* VenuesListingRepository.swift */,
			);
			path = Repository;
			sourceTree = "<group>";
		};
		5D8A023B2B2D81BD000119C9 /* ApiServices */ = {
			isa = PBXGroup;
			children = (
				5D8A02512B2D8433000119C9 /* VenuesListingApiService.swift */,
				5DB74C472B2F4B810077E95A /* CachingService.swift */,
			);
			path = ApiServices;
			sourceTree = "<group>";
		};
		5D8A023C2B2D81BD000119C9 /* Entities */ = {
			isa = PBXGroup;
			children = (
				5D8A02532B2D84D5000119C9 /* VenuesListingResponse.swift */,
			);
			path = Entities;
			sourceTree = "<group>";
		};
		5D8A023D2B2D81BD000119C9 /* Utils */ = {
			isa = PBXGroup;
			children = (
				5DDACB242B2F25C200B06560 /* AppManager */,
				5DDACB212B2F1F1400B06560 /* CacheFileManager */,
				5DDACB1E2B2F0FC700B06560 /* Extension */,
				5D8A023E2B2D81BD000119C9 /* Network */,
			);
			path = Utils;
			sourceTree = "<group>";
		};
		5D8A023E2B2D81BD000119C9 /* Network */ = {
			isa = PBXGroup;
			children = (
				5D8A023F2B2D81BD000119C9 /* NetworkManager */,
				5D8A02412B2D81BD000119C9 /* EndPoints */,
				5D8A02442B2D81BD000119C9 /* Reachability */,
			);
			path = Network;
			sourceTree = "<group>";
		};
		5D8A023F2B2D81BD000119C9 /* NetworkManager */ = {
			isa = PBXGroup;
			children = (
				5D8A02402B2D81BD000119C9 /* NetworkManager.swift */,
			);
			path = NetworkManager;
			sourceTree = "<group>";
		};
		5D8A02412B2D81BD000119C9 /* EndPoints */ = {
			isa = PBXGroup;
			children = (
				5D8A02422B2D81BD000119C9 /* Endpoints.swift */,
				5D8A02432B2D81BD000119C9 /* VenueListingEndPoint.swift */,
				5DDACB272B2F2D8A00B06560 /* EndPointConstants.swift */,
			);
			path = EndPoints;
			sourceTree = "<group>";
		};
		5D8A02442B2D81BD000119C9 /* Reachability */ = {
			isa = PBXGroup;
			children = (
				5D8A02452B2D81BD000119C9 /* Reachability.swift */,
			);
			path = Reachability;
			sourceTree = "<group>";
		};
		5D8A024B2B2D81C0000119C9 /* MainApp */ = {
			isa = PBXGroup;
			children = (
				5D8A02042B2D818C000119C9 /* AppDelegate.swift */,
				5D8A02062B2D818C000119C9 /* SceneDelegate.swift */,
			);
			path = MainApp;
			sourceTree = "<group>";
		};
		5D8A024C2B2D81CC000119C9 /* Resources */ = {
			isa = PBXGroup;
			children = (
				5D8A020A2B2D818C000119C9 /* Main.storyboard */,
				5D8A020D2B2D818D000119C9 /* Assets.xcassets */,
				5D8A020F2B2D818D000119C9 /* LaunchScreen.storyboard */,
				5D8A02122B2D818D000119C9 /* Info.plist */,
			);
			path = Resources;
			sourceTree = "<group>";
		};
		5D8A024D2B2D81E2000119C9 /* Presentation */ = {
			isa = PBXGroup;
			children = (
				5D8A024E2B2D81F2000119C9 /* View */,
			);
			path = Presentation;
			sourceTree = "<group>";
		};
		5D8A024E2B2D81F2000119C9 /* View */ = {
			isa = PBXGroup;
			children = (
				5D8A02082B2D818C000119C9 /* ViewController.swift */,
				5D8A025B2B2D8FA8000119C9 /* VenueTableViewCell.swift */,
				5D8A025C2B2D8FA8000119C9 /* VenueTableViewCell.xib */,
				5DCC21372B2D9C3E00B61CE4 /* TicketViewController.swift */,
			);
			path = View;
			sourceTree = "<group>";
		};
		5DDACB1E2B2F0FC700B06560 /* Extension */ = {
			isa = PBXGroup;
			children = (
				5DDACB1F2B2F0FDC00B06560 /* UIApplication+KeyWindow.swift */,
			);
			path = Extension;
			sourceTree = "<group>";
		};
		5DDACB212B2F1F1400B06560 /* CacheFileManager */ = {
			isa = PBXGroup;
			children = (
				5DDACB222B2F1F2600B06560 /* CacheFileManager.swift */,
			);
			path = CacheFileManager;
			sourceTree = "<group>";
		};
		5DDACB242B2F25C200B06560 /* AppManager */ = {
			isa = PBXGroup;
			children = (
				5DDACB252B2F25D700B06560 /* AppManager.swift */,
			);
			path = AppManager;
			sourceTree = "<group>";
		};
/* End PBXGroup section */

/* Begin PBXNativeTarget section */
		5D8A02002B2D818C000119C9 /* NearByApp */ = {
			isa = PBXNativeTarget;
			buildConfigurationList = 5D8A022B2B2D818D000119C9 /* Build configuration list for PBXNativeTarget "NearByApp" */;
			buildPhases = (
				5D8A01FD2B2D818C000119C9 /* Sources */,
				5D8A01FE2B2D818C000119C9 /* Frameworks */,
				5D8A01FF2B2D818C000119C9 /* Resources */,
			);
			buildRules = (
			);
			dependencies = (
			);
			name = NearByApp;
			productName = NearByApp;
			productReference = 5D8A02012B2D818C000119C9 /* NearByApp.app */;
			productType = "com.apple.product-type.application";
		};
		5D8A02162B2D818D000119C9 /* NearByAppTests */ = {
			isa = PBXNativeTarget;
			buildConfigurationList = 5D8A022E2B2D818D000119C9 /* Build configuration list for PBXNativeTarget "NearByAppTests" */;
			buildPhases = (
				5D8A02132B2D818D000119C9 /* Sources */,
				5D8A02142B2D818D000119C9 /* Frameworks */,
				5D8A02152B2D818D000119C9 /* Resources */,
			);
			buildRules = (
			);
			dependencies = (
				5D8A02192B2D818D000119C9 /* PBXTargetDependency */,
			);
			name = NearByAppTests;
			productName = NearByAppTests;
			productReference = 5D8A02172B2D818D000119C9 /* NearByAppTests.xctest */;
			productType = "com.apple.product-type.bundle.unit-test";
		};
		5D8A02202B2D818D000119C9 /* NearByAppUITests */ = {
			isa = PBXNativeTarget;
			buildConfigurationList = 5D8A02312B2D818D000119C9 /* Build configuration list for PBXNativeTarget "NearByAppUITests" */;
			buildPhases = (
				5D8A021D2B2D818D000119C9 /* Sources */,
				5D8A021E2B2D818D000119C9 /* Frameworks */,
				5D8A021F2B2D818D000119C9 /* Resources */,
			);
			buildRules = (
			);
			dependencies = (
				5D8A02232B2D818D000119C9 /* PBXTargetDependency */,
			);
			name = NearByAppUITests;
			productName = NearByAppUITests;
			productReference = 5D8A02212B2D818D000119C9 /* NearByAppUITests.xctest */;
			productType = "com.apple.product-type.bundle.ui-testing";
		};
/* End PBXNativeTarget section */

/* Begin PBXProject section */
		5D8A01F92B2D818C000119C9 /* Project object */ = {
			isa = PBXProject;
			attributes = {
				BuildIndependentTargetsInParallel = 1;
				LastSwiftUpdateCheck = 1500;
				LastUpgradeCheck = 1500;
				TargetAttributes = {
					5D8A02002B2D818C000119C9 = {
						CreatedOnToolsVersion = 15.0.1;
					};
					5D8A02162B2D818D000119C9 = {
						CreatedOnToolsVersion = 15.0.1;
						TestTargetID = 5D8A02002B2D818C000119C9;
					};
					5D8A02202B2D818D000119C9 = {
						CreatedOnToolsVersion = 15.0.1;
						TestTargetID = 5D8A02002B2D818C000119C9;
					};
				};
			};
			buildConfigurationList = 5D8A01FC2B2D818C000119C9 /* Build configuration list for PBXProject "NearByApp" */;
			compatibilityVersion = "Xcode 14.0";
			developmentRegion = en;
			hasScannedForEncodings = 0;
			knownRegions = (
				en,
				Base,
			);
			mainGroup = 5D8A01F82B2D818C000119C9;
			productRefGroup = 5D8A02022B2D818C000119C9 /* Products */;
			projectDirPath = "";
			projectRoot = "";
			targets = (
				5D8A02002B2D818C000119C9 /* NearByApp */,
				5D8A02162B2D818D000119C9 /* NearByAppTests */,
				5D8A02202B2D818D000119C9 /* NearByAppUITests */,
			);
		};
/* End PBXProject section */

/* Begin PBXResourcesBuildPhase section */
		5D8A01FF2B2D818C000119C9 /* Resources */ = {
			isa = PBXResourcesBuildPhase;
			buildActionMask = 2147483647;
			files = (
				5D8A02112B2D818D000119C9 /* LaunchScreen.storyboard in Resources */,
				5D8A025E2B2D8FA8000119C9 /* VenueTableViewCell.xib in Resources */,
				5D8A020E2B2D818D000119C9 /* Assets.xcassets in Resources */,
				5D8A020C2B2D818C000119C9 /* Main.storyboard in Resources */,
			);
			runOnlyForDeploymentPostprocessing = 0;
		};
		5D8A02152B2D818D000119C9 /* Resources */ = {
			isa = PBXResourcesBuildPhase;
			buildActionMask = 2147483647;
			files = (
			);
			runOnlyForDeploymentPostprocessing = 0;
		};
		5D8A021F2B2D818D000119C9 /* Resources */ = {
			isa = PBXResourcesBuildPhase;
			buildActionMask = 2147483647;
			files = (
			);
			runOnlyForDeploymentPostprocessing = 0;
		};
/* End PBXResourcesBuildPhase section */

/* Begin PBXSourcesBuildPhase section */
		5D8A01FD2B2D818C000119C9 /* Sources */ = {
			isa = PBXSourcesBuildPhase;
			buildActionMask = 2147483647;
			files = (
				5D8A02092B2D818C000119C9 /* ViewController.swift in Sources */,
				5DB74C482B2F4B810077E95A /* CachingService.swift in Sources */,
				5D8A02562B2D86D1000119C9 /* VenuesListingRepository.swift in Sources */,
				5D8A025D2B2D8FA8000119C9 /* VenueTableViewCell.swift in Sources */,
				5D8A02052B2D818C000119C9 /* AppDelegate.swift in Sources */,
				5DCC21382B2D9C3E00B61CE4 /* TicketViewController.swift in Sources */,
				5D8A02472B2D81BD000119C9 /* NetworkManager.swift in Sources */,
				5D8A02522B2D8433000119C9 /* VenuesListingApiService.swift in Sources */,
				5DDACB232B2F1F2600B06560 /* CacheFileManager.swift in Sources */,
				5D8A02072B2D818C000119C9 /* SceneDelegate.swift in Sources */,
				5D8A02492B2D81BD000119C9 /* VenueListingEndPoint.swift in Sources */,
				5D8A02542B2D84D5000119C9 /* VenuesListingResponse.swift in Sources */,
				5D8A02482B2D81BD000119C9 /* Endpoints.swift in Sources */,
				5DDACB262B2F25D700B06560 /* AppManager.swift in Sources */,
				5D8A024A2B2D81BD000119C9 /* Reachability.swift in Sources */,
				5D8A02582B2D87B6000119C9 /* VenueListingUseCase.swift in Sources */,
				5D8A02462B2D81BD000119C9 /* FeedListingViewModel.swift in Sources */,
				5DDACB282B2F2D8A00B06560 /* EndPointConstants.swift in Sources */,
				5DDACB202B2F0FDC00B06560 /* UIApplication+KeyWindow.swift in Sources */,
			);
			runOnlyForDeploymentPostprocessing = 0;
		};
		5D8A02132B2D818D000119C9 /* Sources */ = {
			isa = PBXSourcesBuildPhase;
			buildActionMask = 2147483647;
			files = (
				5D8A021C2B2D818D000119C9 /* NearByAppTests.swift in Sources */,
			);
			runOnlyForDeploymentPostprocessing = 0;
		};
		5D8A021D2B2D818D000119C9 /* Sources */ = {
			isa = PBXSourcesBuildPhase;
			buildActionMask = 2147483647;
			files = (
				5D8A02262B2D818D000119C9 /* NearByAppUITests.swift in Sources */,
				5D8A02282B2D818D000119C9 /* NearByAppUITestsLaunchTests.swift in Sources */,
			);
			runOnlyForDeploymentPostprocessing = 0;
		};
/* End PBXSourcesBuildPhase section */

/* Begin PBXTargetDependency section */
		5D8A02192B2D818D000119C9 /* PBXTargetDependency */ = {
			isa = PBXTargetDependency;
			target = 5D8A02002B2D818C000119C9 /* NearByApp */;
			targetProxy = 5D8A02182B2D818D000119C9 /* PBXContainerItemProxy */;
		};
		5D8A02232B2D818D000119C9 /* PBXTargetDependency */ = {
			isa = PBXTargetDependency;
			target = 5D8A02002B2D818C000119C9 /* NearByApp */;
			targetProxy = 5D8A02222B2D818D000119C9 /* PBXContainerItemProxy */;
		};
/* End PBXTargetDependency section */

/* Begin PBXVariantGroup section */
		5D8A020A2B2D818C000119C9 /* Main.storyboard */ = {
			isa = PBXVariantGroup;
			children = (
				5D8A020B2B2D818C000119C9 /* Base */,
			);
			name = Main.storyboard;
			sourceTree = "<group>";
		};
		5D8A020F2B2D818D000119C9 /* LaunchScreen.storyboard */ = {
			isa = PBXVariantGroup;
			children = (
				5D8A02102B2D818D000119C9 /* Base */,
			);
			name = LaunchScreen.storyboard;
			sourceTree = "<group>";
		};
/* End PBXVariantGroup section */

/* Begin XCBuildConfiguration section */
		5D8A02292B2D818D000119C9 /* Debug */ = {
			isa = XCBuildConfiguration;
			buildSettings = {
				ALWAYS_SEARCH_USER_PATHS = NO;
				ASSETCATALOG_COMPILER_GENERATE_SWIFT_ASSET_SYMBOL_EXTENSIONS = YES;
				CLANG_ANALYZER_NONNULL = YES;
				CLANG_ANALYZER_NUMBER_OBJECT_CONVERSION = YES_AGGRESSIVE;
				CLANG_CXX_LANGUAGE_STANDARD = "gnu++20";
				CLANG_ENABLE_MODULES = YES;
				CLANG_ENABLE_OBJC_ARC = YES;
				CLANG_ENABLE_OBJC_WEAK = YES;
				CLANG_WARN_BLOCK_CAPTURE_AUTORELEASING = YES;
				CLANG_WARN_BOOL_CONVERSION = YES;
				CLANG_WARN_COMMA = YES;
				CLANG_WARN_CONSTANT_CONVERSION = YES;
				CLANG_WARN_DEPRECATED_OBJC_IMPLEMENTATIONS = YES;
				CLANG_WARN_DIRECT_OBJC_ISA_USAGE = YES_ERROR;
				CLANG_WARN_DOCUMENTATION_COMMENTS = YES;
				CLANG_WARN_EMPTY_BODY = YES;
				CLANG_WARN_ENUM_CONVERSION = YES;
				CLANG_WARN_INFINITE_RECURSION = YES;
				CLANG_WARN_INT_CONVERSION = YES;
				CLANG_WARN_NON_LITERAL_NULL_CONVERSION = YES;
				CLANG_WARN_OBJC_IMPLICIT_RETAIN_SELF = YES;
				CLANG_WARN_OBJC_LITERAL_CONVERSION = YES;
				CLANG_WARN_OBJC_ROOT_CLASS = YES_ERROR;
				CLANG_WARN_QUOTED_INCLUDE_IN_FRAMEWORK_HEADER = YES;
				CLANG_WARN_RANGE_LOOP_ANALYSIS = YES;
				CLANG_WARN_STRICT_PROTOTYPES = YES;
				CLANG_WARN_SUSPICIOUS_MOVE = YES;
				CLANG_WARN_UNGUARDED_AVAILABILITY = YES_AGGRESSIVE;
				CLANG_WARN_UNREACHABLE_CODE = YES;
				CLANG_WARN__DUPLICATE_METHOD_MATCH = YES;
				COPY_PHASE_STRIP = NO;
				DEBUG_INFORMATION_FORMAT = dwarf;
				ENABLE_STRICT_OBJC_MSGSEND = YES;
				ENABLE_TESTABILITY = YES;
				ENABLE_USER_SCRIPT_SANDBOXING = YES;
				GCC_C_LANGUAGE_STANDARD = gnu17;
				GCC_DYNAMIC_NO_PIC = NO;
				GCC_NO_COMMON_BLOCKS = YES;
				GCC_OPTIMIZATION_LEVEL = 0;
				GCC_PREPROCESSOR_DEFINITIONS = (
					"DEBUG=1",
					"$(inherited)",
				);
				GCC_WARN_64_TO_32_BIT_CONVERSION = YES;
				GCC_WARN_ABOUT_RETURN_TYPE = YES_ERROR;
				GCC_WARN_UNDECLARED_SELECTOR = YES;
				GCC_WARN_UNINITIALIZED_AUTOS = YES_AGGRESSIVE;
				GCC_WARN_UNUSED_FUNCTION = YES;
				GCC_WARN_UNUSED_VARIABLE = YES;
				IPHONEOS_DEPLOYMENT_TARGET = 17.0;
				LOCALIZATION_PREFERS_STRING_CATALOGS = YES;
				MTL_ENABLE_DEBUG_INFO = INCLUDE_SOURCE;
				MTL_FAST_MATH = YES;
				ONLY_ACTIVE_ARCH = YES;
				SDKROOT = iphoneos;
				SWIFT_ACTIVE_COMPILATION_CONDITIONS = "DEBUG $(inherited)";
				SWIFT_OPTIMIZATION_LEVEL = "-Onone";
			};
			name = Debug;
		};
		5D8A022A2B2D818D000119C9 /* Release */ = {
			isa = XCBuildConfiguration;
			buildSettings = {
				ALWAYS_SEARCH_USER_PATHS = NO;
				ASSETCATALOG_COMPILER_GENERATE_SWIFT_ASSET_SYMBOL_EXTENSIONS = YES;
				CLANG_ANALYZER_NONNULL = YES;
				CLANG_ANALYZER_NUMBER_OBJECT_CONVERSION = YES_AGGRESSIVE;
				CLANG_CXX_LANGUAGE_STANDARD = "gnu++20";
				CLANG_ENABLE_MODULES = YES;
				CLANG_ENABLE_OBJC_ARC = YES;
				CLANG_ENABLE_OBJC_WEAK = YES;
				CLANG_WARN_BLOCK_CAPTURE_AUTORELEASING = YES;
				CLANG_WARN_BOOL_CONVERSION = YES;
				CLANG_WARN_COMMA = YES;
				CLANG_WARN_CONSTANT_CONVERSION = YES;
				CLANG_WARN_DEPRECATED_OBJC_IMPLEMENTATIONS = YES;
				CLANG_WARN_DIRECT_OBJC_ISA_USAGE = YES_ERROR;
				CLANG_WARN_DOCUMENTATION_COMMENTS = YES;
				CLANG_WARN_EMPTY_BODY = YES;
				CLANG_WARN_ENUM_CONVERSION = YES;
				CLANG_WARN_INFINITE_RECURSION = YES;
				CLANG_WARN_INT_CONVERSION = YES;
				CLANG_WARN_NON_LITERAL_NULL_CONVERSION = YES;
				CLANG_WARN_OBJC_IMPLICIT_RETAIN_SELF = YES;
				CLANG_WARN_OBJC_LITERAL_CONVERSION = YES;
				CLANG_WARN_OBJC_ROOT_CLASS = YES_ERROR;
				CLANG_WARN_QUOTED_INCLUDE_IN_FRAMEWORK_HEADER = YES;
				CLANG_WARN_RANGE_LOOP_ANALYSIS = YES;
				CLANG_WARN_STRICT_PROTOTYPES = YES;
				CLANG_WARN_SUSPICIOUS_MOVE = YES;
				CLANG_WARN_UNGUARDED_AVAILABILITY = YES_AGGRESSIVE;
				CLANG_WARN_UNREACHABLE_CODE = YES;
				CLANG_WARN__DUPLICATE_METHOD_MATCH = YES;
				COPY_PHASE_STRIP = NO;
				DEBUG_INFORMATION_FORMAT = "dwarf-with-dsym";
				ENABLE_NS_ASSERTIONS = NO;
				ENABLE_STRICT_OBJC_MSGSEND = YES;
				ENABLE_USER_SCRIPT_SANDBOXING = YES;
				GCC_C_LANGUAGE_STANDARD = gnu17;
				GCC_NO_COMMON_BLOCKS = YES;
				GCC_WARN_64_TO_32_BIT_CONVERSION = YES;
				GCC_WARN_ABOUT_RETURN_TYPE = YES_ERROR;
				GCC_WARN_UNDECLARED_SELECTOR = YES;
				GCC_WARN_UNINITIALIZED_AUTOS = YES_AGGRESSIVE;
				GCC_WARN_UNUSED_FUNCTION = YES;
				GCC_WARN_UNUSED_VARIABLE = YES;
				IPHONEOS_DEPLOYMENT_TARGET = 17.0;
				LOCALIZATION_PREFERS_STRING_CATALOGS = YES;
				MTL_ENABLE_DEBUG_INFO = NO;
				MTL_FAST_MATH = YES;
				SDKROOT = iphoneos;
				SWIFT_COMPILATION_MODE = wholemodule;
				VALIDATE_PRODUCT = YES;
			};
			name = Release;
		};
		5D8A022C2B2D818D000119C9 /* Debug */ = {
			isa = XCBuildConfiguration;
			buildSettings = {
				ASSETCATALOG_COMPILER_APPICON_NAME = AppIcon;
				ASSETCATALOG_COMPILER_GLOBAL_ACCENT_COLOR_NAME = AccentColor;
				CODE_SIGN_STYLE = Automatic;
				CURRENT_PROJECT_VERSION = 1;
				DEVELOPMENT_TEAM = SA292C878B;
				GENERATE_INFOPLIST_FILE = YES;
				INFOPLIST_FILE = NearByApp/Resources/Info.plist;
				INFOPLIST_KEY_UIApplicationSupportsIndirectInputEvents = YES;
				INFOPLIST_KEY_UILaunchStoryboardName = LaunchScreen;
				INFOPLIST_KEY_UIMainStoryboardFile = Main;
				INFOPLIST_KEY_UISupportedInterfaceOrientations_iPad = "UIInterfaceOrientationPortrait UIInterfaceOrientationPortraitUpsideDown UIInterfaceOrientationLandscapeLeft UIInterfaceOrientationLandscapeRight";
				INFOPLIST_KEY_UISupportedInterfaceOrientations_iPhone = "UIInterfaceOrientationPortrait UIInterfaceOrientationLandscapeLeft UIInterfaceOrientationLandscapeRight";
				LD_RUNPATH_SEARCH_PATHS = (
					"$(inherited)",
					"@executable_path/Frameworks",
				);
				MARKETING_VERSION = 1.0;
				PRODUCT_BUNDLE_IDENTIFIER = com.vikas.NearByApp;
				PRODUCT_NAME = "$(TARGET_NAME)";
				SWIFT_EMIT_LOC_STRINGS = YES;
				SWIFT_VERSION = 5.0;
				TARGETED_DEVICE_FAMILY = "1,2";
			};
			name = Debug;
		};
		5D8A022D2B2D818D000119C9 /* Release */ = {
			isa = XCBuildConfiguration;
			buildSettings = {
				ASSETCATALOG_COMPILER_APPICON_NAME = AppIcon;
				ASSETCATALOG_COMPILER_GLOBAL_ACCENT_COLOR_NAME = AccentColor;
				CODE_SIGN_STYLE = Automatic;
				CURRENT_PROJECT_VERSION = 1;
				DEVELOPMENT_TEAM = SA292C878B;
				GENERATE_INFOPLIST_FILE = YES;
				INFOPLIST_FILE = NearByApp/Resources/Info.plist;
				INFOPLIST_KEY_UIApplicationSupportsIndirectInputEvents = YES;
				INFOPLIST_KEY_UILaunchStoryboardName = LaunchScreen;
				INFOPLIST_KEY_UIMainStoryboardFile = Main;
				INFOPLIST_KEY_UISupportedInterfaceOrientations_iPad = "UIInterfaceOrientationPortrait UIInterfaceOrientationPortraitUpsideDown UIInterfaceOrientationLandscapeLeft UIInterfaceOrientationLandscapeRight";
				INFOPLIST_KEY_UISupportedInterfaceOrientations_iPhone = "UIInterfaceOrientationPortrait UIInterfaceOrientationLandscapeLeft UIInterfaceOrientationLandscapeRight";
				LD_RUNPATH_SEARCH_PATHS = (
					"$(inherited)",
					"@executable_path/Frameworks",
				);
				MARKETING_VERSION = 1.0;
				PRODUCT_BUNDLE_IDENTIFIER = com.vikas.NearByApp;
				PRODUCT_NAME = "$(TARGET_NAME)";
				SWIFT_EMIT_LOC_STRINGS = YES;
				SWIFT_VERSION = 5.0;
				TARGETED_DEVICE_FAMILY = "1,2";
			};
			name = Release;
		};
		5D8A022F2B2D818D000119C9 /* Debug */ = {
			isa = XCBuildConfiguration;
			buildSettings = {
				ALWAYS_EMBED_SWIFT_STANDARD_LIBRARIES = YES;
				BUNDLE_LOADER = "$(TEST_HOST)";
				CODE_SIGN_STYLE = Automatic;
				CURRENT_PROJECT_VERSION = 1;
				DEVELOPMENT_TEAM = SA292C878B;
				GENERATE_INFOPLIST_FILE = YES;
				IPHONEOS_DEPLOYMENT_TARGET = 17.0;
				MARKETING_VERSION = 1.0;
				PRODUCT_BUNDLE_IDENTIFIER = com.vikas.NearByAppTests;
				PRODUCT_NAME = "$(TARGET_NAME)";
				SWIFT_EMIT_LOC_STRINGS = NO;
				SWIFT_VERSION = 5.0;
				TARGETED_DEVICE_FAMILY = "1,2";
				TEST_HOST = "$(BUILT_PRODUCTS_DIR)/NearByApp.app/$(BUNDLE_EXECUTABLE_FOLDER_PATH)/NearByApp";
			};
			name = Debug;
		};
		5D8A02302B2D818D000119C9 /* Release */ = {
			isa = XCBuildConfiguration;
			buildSettings = {
				ALWAYS_EMBED_SWIFT_STANDARD_LIBRARIES = YES;
				BUNDLE_LOADER = "$(TEST_HOST)";
				CODE_SIGN_STYLE = Automatic;
				CURRENT_PROJECT_VERSION = 1;
				DEVELOPMENT_TEAM = SA292C878B;
				GENERATE_INFOPLIST_FILE = YES;
				IPHONEOS_DEPLOYMENT_TARGET = 17.0;
				MARKETING_VERSION = 1.0;
				PRODUCT_BUNDLE_IDENTIFIER = com.vikas.NearByAppTests;
				PRODUCT_NAME = "$(TARGET_NAME)";
				SWIFT_EMIT_LOC_STRINGS = NO;
				SWIFT_VERSION = 5.0;
				TARGETED_DEVICE_FAMILY = "1,2";
				TEST_HOST = "$(BUILT_PRODUCTS_DIR)/NearByApp.app/$(BUNDLE_EXECUTABLE_FOLDER_PATH)/NearByApp";
			};
			name = Release;
		};
		5D8A02322B2D818D000119C9 /* Debug */ = {
			isa = XCBuildConfiguration;
			buildSettings = {
				ALWAYS_EMBED_SWIFT_STANDARD_LIBRARIES = YES;
				CODE_SIGN_STYLE = Automatic;
				CURRENT_PROJECT_VERSION = 1;
				DEVELOPMENT_TEAM = SA292C878B;
				GENERATE_INFOPLIST_FILE = YES;
				MARKETING_VERSION = 1.0;
				PRODUCT_BUNDLE_IDENTIFIER = com.vikas.NearByAppUITests;
				PRODUCT_NAME = "$(TARGET_NAME)";
				SWIFT_EMIT_LOC_STRINGS = NO;
				SWIFT_VERSION = 5.0;
				TARGETED_DEVICE_FAMILY = "1,2";
				TEST_TARGET_NAME = NearByApp;
			};
			name = Debug;
		};
		5D8A02332B2D818D000119C9 /* Release */ = {
			isa = XCBuildConfiguration;
			buildSettings = {
				ALWAYS_EMBED_SWIFT_STANDARD_LIBRARIES = YES;
				CODE_SIGN_STYLE = Automatic;
				CURRENT_PROJECT_VERSION = 1;
				DEVELOPMENT_TEAM = SA292C878B;
				GENERATE_INFOPLIST_FILE = YES;
				MARKETING_VERSION = 1.0;
				PRODUCT_BUNDLE_IDENTIFIER = com.vikas.NearByAppUITests;
				PRODUCT_NAME = "$(TARGET_NAME)";
				SWIFT_EMIT_LOC_STRINGS = NO;
				SWIFT_VERSION = 5.0;
				TARGETED_DEVICE_FAMILY = "1,2";
				TEST_TARGET_NAME = NearByApp;
			};
			name = Release;
		};
/* End XCBuildConfiguration section */

/* Begin XCConfigurationList section */
		5D8A01FC2B2D818C000119C9 /* Build configuration list for PBXProject "NearByApp" */ = {
			isa = XCConfigurationList;
			buildConfigurations = (
				5D8A02292B2D818D000119C9 /* Debug */,
				5D8A022A2B2D818D000119C9 /* Release */,
			);
			defaultConfigurationIsVisible = 0;
			defaultConfigurationName = Release;
		};
		5D8A022B2B2D818D000119C9 /* Build configuration list for PBXNativeTarget "NearByApp" */ = {
			isa = XCConfigurationList;
			buildConfigurations = (
				5D8A022C2B2D818D000119C9 /* Debug */,
				5D8A022D2B2D818D000119C9 /* Release */,
			);
			defaultConfigurationIsVisible = 0;
			defaultConfigurationName = Release;
		};
		5D8A022E2B2D818D000119C9 /* Build configuration list for PBXNativeTarget "NearByAppTests" */ = {
			isa = XCConfigurationList;
			buildConfigurations = (
				5D8A022F2B2D818D000119C9 /* Debug */,
				5D8A02302B2D818D000119C9 /* Release */,
			);
			defaultConfigurationIsVisible = 0;
			defaultConfigurationName = Release;
		};
		5D8A02312B2D818D000119C9 /* Build configuration list for PBXNativeTarget "NearByAppUITests" */ = {
			isa = XCConfigurationList;
			buildConfigurations = (
				5D8A02322B2D818D000119C9 /* Debug */,
				5D8A02332B2D818D000119C9 /* Release */,
			);
			defaultConfigurationIsVisible = 0;
			defaultConfigurationName = Release;
		};
/* End XCConfigurationList section */
	};
	rootObject = 5D8A01F92B2D818C000119C9 /* Project object */;
}
